{
  "requires": true,
  "lockfileVersion": 1,
  "dependencies": {
    "heic-convert": {
      "version": "1.2.2",
      "resolved": "https://registry.npmjs.org/heic-convert/-/heic-convert-1.2.2.tgz",
      "integrity": "sha512-4eBU7n4ZAVdjlP3WYFh+OsSWUrwgx/TBJSmnvTl8d70GZDEy16tHCmaoz08IuwUOp80ymuOqHgEHLmHAAG1gKQ==",
      "requires": {
        "heic-decode": "^1.1.0",
        "jpeg-js": "^0.3.6",
        "pngjs": "^3.4.0"
      }
    },
    "heic-decode": {
      "version": "1.1.1",
      "resolved": "https://registry.npmjs.org/heic-decode/-/heic-decode-1.1.1.tgz",
      "integrity": "sha512-0KKYaXk2QSZrQIp4UKaNt/tyK8UGZkdfTzZRzny+cyYbNPJXRicaLCphMOuaBxHpHvCBTqnl0rM0qQ+rN98gJg==",
      "requires": {
        "libheif-js": "^1.6.1"
      }
    },
    "jpeg-js": {
      "version": "0.3.7",
      "resolved": "https://registry.npmjs.org/jpeg-js/-/jpeg-js-0.3.7.tgz",
      "integrity": "sha512-9IXdWudL61npZjvLuVe/ktHiA41iE8qFyLB+4VDTblEsWBzeg8WQTlktdUK4CdncUqtUgUg0bbOmTE2bKBKaBQ=="
    },
    "libheif-js": {
      "version": "1.6.2",
      "resolved": "https://registry.npmjs.org/libheif-js/-/libheif-js-1.6.2.tgz",
      "integrity": "sha512-+UJ9x/D62Yf87ff9iSRMAldaKfvSIpkubqLalJugf2lu8F9tyeDXEZZP3cFbW+DoKt/n5IH9gnp5myR5W3YI0A=="
    },
    "pngjs": {
      "version": "3.4.0",
      "resolved": "https://registry.npmjs.org/pngjs/-/pngjs-3.4.0.tgz",
      "integrity": "sha512-NCrCHhWmnQklfH4MtJMRjZ2a8c80qXeMlQMv2uVp9ISJMTt562SbGd6n2oq0PaPgKm7Z6pL9E2UlLIhC+SHL3w=="
    }
  }
}
